PODS:
  - DateTimePicker (1.0.3)
  - SearchTextField (1.1.0)
  - Swinject (2.0.0)
  - SwinjectStoryboard (1.0.0):
    - Swinject (= 2.0.0)

DEPENDENCIES:
  - DateTimePicker
  - SearchTextField
  - Swinject (~> 2.0.0)
  - SwinjectStoryboard (~> 1.0.0)

SPEC CHECKSUMS:
  DateTimePicker: 23ca73cee22ff485e9e2fbfa4e4082845ce65e95
  SearchTextField: 5daab6cecfd90e06f9b08b2814593656c0c99f3d
  Swinject: 2e964a80d70ab09b3949c99032711f89147bfd60
  SwinjectStoryboard: 8e0d3c0202b64172bdf915d55e8dc83d9c4e7863

PODFILE CHECKSUM: 5ddff95667101bd31e68236b0a663b19cf27a8e7

COCOAPODS: 1.2.0
