// !$*UTF8*$!
{
	archiveVersion = 1;
	classes = {
	};
	objectVersion = 46;
	objects = {

/* Begin PBXBuildFile section */
		0421F6431E8DB6FD00A4093C /* BaseUsersData.swift in Sources */ = {isa = PBXBuildFile; fileRef = 0421F6421E8DB6FD00A4093C /* BaseUsersData.swift */; };
		04351ABD1E8E69DF0053A22A /* Reminder.swift in Sources */ = {isa = PBXBuildFile; fileRef = 04351ABC1E8E69DF0053A22A /* Reminder.swift */; };
		04367EB11E82990A00718595 /* AppDelegate.swift in Sources */ = {isa = PBXBuildFile; fileRef = 04367EB01E82990A00718595 /* AppDelegate.swift */; };
		04367EB61E82990B00718595 /* Main.storyboard in Resources */ = {isa = PBXBuildFile; fileRef = 04367EB41E82990B00718595 /* Main.storyboard */; };
		04367EB91E82990B00718595 /* RemindMeWhenIAmThere.xcdatamodeld in Sources */ = {isa = PBXBuildFile; fileRef = 04367EB71E82990B00718595 /* RemindMeWhenIAmThere.xcdatamodeld */; };
		04367EBB1E82990B00718595 /* Assets.xcassets in Resources */ = {isa = PBXBuildFile; fileRef = 04367EBA1E82990B00718595 /* Assets.xcassets */; };
		04367EBE1E82990B00718595 /* LaunchScreen.storyboard in Resources */ = {isa = PBXBuildFile; fileRef = 04367EBC1E82990B00718595 /* LaunchScreen.storyboard */; };
		046DDDC91E8B02D4000B0669 /* JsonParser.swift in Sources */ = {isa = PBXBuildFile; fileRef = 046DDDC81E8B02D4000B0669 /* JsonParser.swift */; };
		046DDDCB1E8B079F000B0669 /* BaseJsonParser.swift in Sources */ = {isa = PBXBuildFile; fileRef = 046DDDCA1E8B079F000B0669 /* BaseJsonParser.swift */; };
		048208351E8E88CD004AAF9B /* BaseReminder.swift in Sources */ = {isa = PBXBuildFile; fileRef = 048208341E8E88CD004AAF9B /* BaseReminder.swift */; };
		048208371E8E91A5004AAF9B /* BaseReminderDictExtension.swift in Sources */ = {isa = PBXBuildFile; fileRef = 048208361E8E91A5004AAF9B /* BaseReminderDictExtension.swift */; };
		04827A341E8BC20000251E21 /* BaseApiData.swift in Sources */ = {isa = PBXBuildFile; fileRef = 04827A331E8BC20000251E21 /* BaseApiData.swift */; };
		04827A391E8BC33100251E21 /* BaseApiConfig.swift in Sources */ = {isa = PBXBuildFile; fileRef = 04827A381E8BC33100251E21 /* BaseApiConfig.swift */; };
		04827A3B1E8BC3D800251E21 /* ApiConfig.swift in Sources */ = {isa = PBXBuildFile; fileRef = 04827A3A1E8BC3D800251E21 /* ApiConfig.swift */; };
		04827A3D1E8BE62900251E21 /* UsersData.swift in Sources */ = {isa = PBXBuildFile; fileRef = 04827A3C1E8BE62900251E21 /* UsersData.swift */; };
		0493FA1C1E8FB416008BDAAE /* BaseReminderFactory.swift in Sources */ = {isa = PBXBuildFile; fileRef = 0493FA1B1E8FB416008BDAAE /* BaseReminderFactory.swift */; };
		0493FA1F1E8FBB62008BDAAE /* ReminderEntityExtension.swift in Sources */ = {isa = PBXBuildFile; fileRef = 0493FA1E1E8FBB62008BDAAE /* ReminderEntityExtension.swift */; };
		0493FA221E8FC085008BDAAE /* DateStringConversionExtension.swift in Sources */ = {isa = PBXBuildFile; fileRef = 0493FA211E8FC085008BDAAE /* DateStringConversionExtension.swift */; };
		0493FA251E8FD3D9008BDAAE /* BaseLocalData.swift in Sources */ = {isa = PBXBuildFile; fileRef = 0493FA241E8FD3D9008BDAAE /* BaseLocalData.swift */; };
		0493FA271E8FD8A5008BDAAE /* BaseLocalRemindersData.swift in Sources */ = {isa = PBXBuildFile; fileRef = 0493FA261E8FD8A5008BDAAE /* BaseLocalRemindersData.swift */; };
		0493FA291E8FE143008BDAAE /* LocalRemindersData.swift in Sources */ = {isa = PBXBuildFile; fileRef = 0493FA281E8FE143008BDAAE /* LocalRemindersData.swift */; };
		0493FA2B1E900847008BDAAE /* ReminderFactory.swift in Sources */ = {isa = PBXBuildFile; fileRef = 0493FA2A1E900847008BDAAE /* ReminderFactory.swift */; };
		049667201E88736D0034C9AB /* MainViewController.swift in Sources */ = {isa = PBXBuildFile; fileRef = 0496671F1E88736D0034C9AB /* MainViewController.swift */; };
		049667231E8873DF0034C9AB /* LoadingIndicatorViewExtension.swift in Sources */ = {isa = PBXBuildFile; fileRef = 049667221E8873DF0034C9AB /* LoadingIndicatorViewExtension.swift */; };
		049667271E8ADAA10034C9AB /* HttpRequester.swift in Sources */ = {isa = PBXBuildFile; fileRef = 049667261E8ADAA10034C9AB /* HttpRequester.swift */; };
		0496672A1E8ADAD00034C9AB /* BaseHttpRequester.swift in Sources */ = {isa = PBXBuildFile; fileRef = 049667291E8ADAD00034C9AB /* BaseHttpRequester.swift */; };
		04FAA3941E8C53B80023CBE3 /* User.swift in Sources */ = {isa = PBXBuildFile; fileRef = 04FAA3931E8C53B80023CBE3 /* User.swift */; };
		04FAA3971E8C54650023CBE3 /* BaseUserDictExtension.swift in Sources */ = {isa = PBXBuildFile; fileRef = 04FAA3961E8C54650023CBE3 /* BaseUserDictExtension.swift */; };
		04FAA39A1E8D63B30023CBE3 /* BaseUser.swift in Sources */ = {isa = PBXBuildFile; fileRef = 04FAA3991E8D63B30023CBE3 /* BaseUser.swift */; };
		04FAA39E1E8D69940023CBE3 /* UserFactory.swift in Sources */ = {isa = PBXBuildFile; fileRef = 04FAA39D1E8D69940023CBE3 /* UserFactory.swift */; };
		04FAA3A01E8D6C0B0023CBE3 /* BaseUserFactory.swift in Sources */ = {isa = PBXBuildFile; fileRef = 04FAA39F1E8D6C0B0023CBE3 /* BaseUserFactory.swift */; };
		04FAA3A21E8D8CE50023CBE3 /* UserAuthManager.swift in Sources */ = {isa = PBXBuildFile; fileRef = 04FAA3A11E8D8CE50023CBE3 /* UserAuthManager.swift */; };
		04FAA3A41E8D99BD0023CBE3 /* BaseUserAuthManager.swift in Sources */ = {isa = PBXBuildFile; fileRef = 04FAA3A31E8D99BD0023CBE3 /* BaseUserAuthManager.swift */; };
/* End PBXBuildFile section */

/* Begin PBXFileReference section */
		0421F6421E8DB6FD00A4093C /* BaseUsersData.swift */ = {isa = PBXFileReference; fileEncoding = 4; lastKnownFileType = sourcecode.swift; name = BaseUsersData.swift; path = Data/Remote/Base/BaseUsersData.swift; sourceTree = "<group>"; };
		04351ABC1E8E69DF0053A22A /* Reminder.swift */ = {isa = PBXFileReference; fileEncoding = 4; lastKnownFileType = sourcecode.swift; name = Reminder.swift; path = Models/Reminder.swift; sourceTree = "<group>"; };
		04367EAD1E82990A00718595 /* RemindMeWhenIAmThere.app */ = {isa = PBXFileReference; explicitFileType = wrapper.application; includeInIndex = 0; path = RemindMeWhenIAmThere.app; sourceTree = BUILT_PRODUCTS_DIR; };
		04367EB01E82990A00718595 /* AppDelegate.swift */ = {isa = PBXFileReference; lastKnownFileType = sourcecode.swift; path = AppDelegate.swift; sourceTree = "<group>"; };
		04367EB51E82990B00718595 /* Base */ = {isa = PBXFileReference; lastKnownFileType = file.storyboard; name = Base; path = Base.lproj/Main.storyboard; sourceTree = "<group>"; };
		04367EB81E82990B00718595 /* RemindMeWhenIAmThere.xcdatamodel */ = {isa = PBXFileReference; lastKnownFileType = wrapper.xcdatamodel; path = RemindMeWhenIAmThere.xcdatamodel; sourceTree = "<group>"; };
		04367EBA1E82990B00718595 /* Assets.xcassets */ = {isa = PBXFileReference; lastKnownFileType = folder.assetcatalog; path = Assets.xcassets; sourceTree = "<group>"; };
		04367EBD1E82990B00718595 /* Base */ = {isa = PBXFileReference; lastKnownFileType = file.storyboard; name = Base; path = Base.lproj/LaunchScreen.storyboard; sourceTree = "<group>"; };
		04367EBF1E82990B00718595 /* Info.plist */ = {isa = PBXFileReference; lastKnownFileType = text.plist.xml; path = Info.plist; sourceTree = "<group>"; };
		046DDDC81E8B02D4000B0669 /* JsonParser.swift */ = {isa = PBXFileReference; fileEncoding = 4; lastKnownFileType = sourcecode.swift; name = JsonParser.swift; path = Helpers/JsonParser.swift; sourceTree = "<group>"; };
		046DDDCA1E8B079F000B0669 /* BaseJsonParser.swift */ = {isa = PBXFileReference; fileEncoding = 4; lastKnownFileType = sourcecode.swift; name = BaseJsonParser.swift; path = Helpers/Base/BaseJsonParser.swift; sourceTree = "<group>"; };
		048208341E8E88CD004AAF9B /* BaseReminder.swift */ = {isa = PBXFileReference; fileEncoding = 4; lastKnownFileType = sourcecode.swift; name = BaseReminder.swift; path = Models/Base/BaseReminder.swift; sourceTree = "<group>"; };
		048208361E8E91A5004AAF9B /* BaseReminderDictExtension.swift */ = {isa = PBXFileReference; fileEncoding = 4; lastKnownFileType = sourcecode.swift; name = BaseReminderDictExtension.swift; path = Models/Extensions/BaseReminderDictExtension.swift; sourceTree = "<group>"; };
		04827A331E8BC20000251E21 /* BaseApiData.swift */ = {isa = PBXFileReference; fileEncoding = 4; lastKnownFileType = sourcecode.swift; name = BaseApiData.swift; path = Data/Remote/Base/BaseApiData.swift; sourceTree = "<group>"; };
		04827A381E8BC33100251E21 /* BaseApiConfig.swift */ = {isa = PBXFileReference; fileEncoding = 4; lastKnownFileType = sourcecode.swift; name = BaseApiConfig.swift; path = Config/Api/Base/BaseApiConfig.swift; sourceTree = "<group>"; };
		04827A3A1E8BC3D800251E21 /* ApiConfig.swift */ = {isa = PBXFileReference; fileEncoding = 4; lastKnownFileType = sourcecode.swift; name = ApiConfig.swift; path = Config/Api/ApiConfig.swift; sourceTree = "<group>"; };
		04827A3C1E8BE62900251E21 /* UsersData.swift */ = {isa = PBXFileReference; fileEncoding = 4; lastKnownFileType = sourcecode.swift; name = UsersData.swift; path = Data/Remote/UsersData.swift; sourceTree = "<group>"; };
		0493FA1B1E8FB416008BDAAE /* BaseReminderFactory.swift */ = {isa = PBXFileReference; fileEncoding = 4; lastKnownFileType = sourcecode.swift; name = BaseReminderFactory.swift; path = Models/Factories/Base/BaseReminderFactory.swift; sourceTree = "<group>"; };
		0493FA1E1E8FBB62008BDAAE /* ReminderEntityExtension.swift */ = {isa = PBXFileReference; fileEncoding = 4; lastKnownFileType = sourcecode.swift; name = ReminderEntityExtension.swift; path = Models/EntityExtensions/ReminderEntityExtension.swift; sourceTree = "<group>"; };
		0493FA211E8FC085008BDAAE /* DateStringConversionExtension.swift */ = {isa = PBXFileReference; fileEncoding = 4; lastKnownFileType = sourcecode.swift; name = DateStringConversionExtension.swift; path = Helpers/Extensions/DateStringConversionExtension.swift; sourceTree = "<group>"; };
		0493FA241E8FD3D9008BDAAE /* BaseLocalData.swift */ = {isa = PBXFileReference; fileEncoding = 4; lastKnownFileType = sourcecode.swift; name = BaseLocalData.swift; path = Data/Local/Base/BaseLocalData.swift; sourceTree = "<group>"; };
		0493FA261E8FD8A5008BDAAE /* BaseLocalRemindersData.swift */ = {isa = PBXFileReference; fileEncoding = 4; lastKnownFileType = sourcecode.swift; name = BaseLocalRemindersData.swift; path = Data/Local/Base/BaseLocalRemindersData.swift; sourceTree = "<group>"; };
		0493FA281E8FE143008BDAAE /* LocalRemindersData.swift */ = {isa = PBXFileReference; fileEncoding = 4; lastKnownFileType = sourcecode.swift; name = LocalRemindersData.swift; path = Data/Local/LocalRemindersData.swift; sourceTree = "<group>"; };
		0493FA2A1E900847008BDAAE /* ReminderFactory.swift */ = {isa = PBXFileReference; fileEncoding = 4; lastKnownFileType = sourcecode.swift; name = ReminderFactory.swift; path = Models/Factories/ReminderFactory.swift; sourceTree = "<group>"; };
		0496671F1E88736D0034C9AB /* MainViewController.swift */ = {isa = PBXFileReference; fileEncoding = 4; lastKnownFileType = sourcecode.swift; name = MainViewController.swift; path = ViewControllers/MainViewController.swift; sourceTree = "<group>"; };
		049667221E8873DF0034C9AB /* LoadingIndicatorViewExtension.swift */ = {isa = PBXFileReference; fileEncoding = 4; lastKnownFileType = sourcecode.swift; name = LoadingIndicatorViewExtension.swift; path = ViewControllers/Extensions/LoadingIndicatorViewExtension.swift; sourceTree = "<group>"; };
		049667261E8ADAA10034C9AB /* HttpRequester.swift */ = {isa = PBXFileReference; fileEncoding = 4; lastKnownFileType = sourcecode.swift; name = HttpRequester.swift; path = Helpers/HttpRequester.swift; sourceTree = "<group>"; };
		049667291E8ADAD00034C9AB /* BaseHttpRequester.swift */ = {isa = PBXFileReference; fileEncoding = 4; lastKnownFileType = sourcecode.swift; name = BaseHttpRequester.swift; path = Helpers/Base/BaseHttpRequester.swift; sourceTree = "<group>"; };
		04FAA3931E8C53B80023CBE3 /* User.swift */ = {isa = PBXFileReference; fileEncoding = 4; lastKnownFileType = sourcecode.swift; name = User.swift; path = Models/User.swift; sourceTree = "<group>"; };
		04FAA3961E8C54650023CBE3 /* BaseUserDictExtension.swift */ = {isa = PBXFileReference; fileEncoding = 4; lastKnownFileType = sourcecode.swift; name = BaseUserDictExtension.swift; path = Models/Extensions/BaseUserDictExtension.swift; sourceTree = "<group>"; };
		04FAA3991E8D63B30023CBE3 /* BaseUser.swift */ = {isa = PBXFileReference; fileEncoding = 4; lastKnownFileType = sourcecode.swift; name = BaseUser.swift; path = Models/Base/BaseUser.swift; sourceTree = "<group>"; };
		04FAA39D1E8D69940023CBE3 /* UserFactory.swift */ = {isa = PBXFileReference; fileEncoding = 4; lastKnownFileType = sourcecode.swift; name = UserFactory.swift; path = Models/Factories/UserFactory.swift; sourceTree = "<group>"; };
		04FAA39F1E8D6C0B0023CBE3 /* BaseUserFactory.swift */ = {isa = PBXFileReference; fileEncoding = 4; lastKnownFileType = sourcecode.swift; name = BaseUserFactory.swift; path = Models/Factories/Base/BaseUserFactory.swift; sourceTree = "<group>"; };
		04FAA3A11E8D8CE50023CBE3 /* UserAuthManager.swift */ = {isa = PBXFileReference; fileEncoding = 4; lastKnownFileType = sourcecode.swift; name = UserAuthManager.swift; path = Helpers/UserAuthManager.swift; sourceTree = "<group>"; };
		04FAA3A31E8D99BD0023CBE3 /* BaseUserAuthManager.swift */ = {isa = PBXFileReference; fileEncoding = 4; lastKnownFileType = sourcecode.swift; name = BaseUserAuthManager.swift; path = Helpers/Base/BaseUserAuthManager.swift; sourceTree = "<group>"; };
/* End PBXFileReference section */

/* Begin PBXFrameworksBuildPhase section */
		04367EAA1E82990A00718595 /* Frameworks */ = {
			isa = PBXFrameworksBuildPhase;
			buildActionMask = 2147483647;
			files = (
			);
			runOnlyForDeploymentPostprocessing = 0;
		};
/* End PBXFrameworksBuildPhase section */

/* Begin PBXGroup section */
		04367EA41E82990A00718595 = {
			isa = PBXGroup;
			children = (
				04367EAF1E82990A00718595 /* RemindMeWhenIAmThere */,
				04367EAE1E82990A00718595 /* Products */,
			);
			sourceTree = "<group>";
		};
		04367EAE1E82990A00718595 /* Products */ = {
			isa = PBXGroup;
			children = (
				04367EAD1E82990A00718595 /* RemindMeWhenIAmThere.app */,
			);
			name = Products;
			sourceTree = "<group>";
		};
		04367EAF1E82990A00718595 /* RemindMeWhenIAmThere */ = {
			isa = PBXGroup;
			children = (
				04FAA3921E8C538D0023CBE3 /* Models */,
				04827A351E8BC2E500251E21 /* Config */,
				04827A2F1E8BBE6400251E21 /* Data */,
				049667251E8ADA2E0034C9AB /* Helpers */,
				049667181E8871FD0034C9AB /* ViewControllers */,
				04367EB01E82990A00718595 /* AppDelegate.swift */,
				049667241E8875A80034C9AB /* Storyboards */,
				04367EBA1E82990B00718595 /* Assets.xcassets */,
				04367EBF1E82990B00718595 /* Info.plist */,
				04367EB71E82990B00718595 /* RemindMeWhenIAmThere.xcdatamodeld */,
			);
			path = RemindMeWhenIAmThere;
			sourceTree = "<group>";
		};
		04827A2F1E8BBE6400251E21 /* Data */ = {
			isa = PBXGroup;
			children = (
				04827A311E8BC03600251E21 /* Remote */,
				04827A301E8BBF3100251E21 /* Local */,
			);
			name = Data;
			sourceTree = "<group>";
		};
		04827A301E8BBF3100251E21 /* Local */ = {
			isa = PBXGroup;
			children = (
				0493FA231E8FD39A008BDAAE /* Base */,
				0493FA281E8FE143008BDAAE /* LocalRemindersData.swift */,
			);
			name = Local;
			sourceTree = "<group>";
		};
		04827A311E8BC03600251E21 /* Remote */ = {
			isa = PBXGroup;
			children = (
				04827A321E8BC0EC00251E21 /* Base */,
				04827A3C1E8BE62900251E21 /* UsersData.swift */,
			);
			name = Remote;
			sourceTree = "<group>";
		};
		04827A321E8BC0EC00251E21 /* Base */ = {
			isa = PBXGroup;
			children = (
				04827A331E8BC20000251E21 /* BaseApiData.swift */,
				0421F6421E8DB6FD00A4093C /* BaseUsersData.swift */,
			);
			name = Base;
			sourceTree = "<group>";
		};
		04827A351E8BC2E500251E21 /* Config */ = {
			isa = PBXGroup;
			children = (
				04827A361E8BC2EB00251E21 /* Api */,
			);
			name = Config;
			sourceTree = "<group>";
		};
		04827A361E8BC2EB00251E21 /* Api */ = {
			isa = PBXGroup;
			children = (
				04827A371E8BC30F00251E21 /* Base */,
				04827A3A1E8BC3D800251E21 /* ApiConfig.swift */,
			);
			name = Api;
			sourceTree = "<group>";
		};
		04827A371E8BC30F00251E21 /* Base */ = {
			isa = PBXGroup;
			children = (
				04827A381E8BC33100251E21 /* BaseApiConfig.swift */,
			);
			name = Base;
			sourceTree = "<group>";
		};
		0493FA1D1E8FB97E008BDAAE /* EntityExtensions */ = {
			isa = PBXGroup;
			children = (
				0493FA1E1E8FBB62008BDAAE /* ReminderEntityExtension.swift */,
			);
			name = EntityExtensions;
			sourceTree = "<group>";
		};
		0493FA201E8FC030008BDAAE /* Extensions */ = {
			isa = PBXGroup;
			children = (
				0493FA211E8FC085008BDAAE /* DateStringConversionExtension.swift */,
			);
			name = Extensions;
			sourceTree = "<group>";
		};
		0493FA231E8FD39A008BDAAE /* Base */ = {
			isa = PBXGroup;
			children = (
				0493FA241E8FD3D9008BDAAE /* BaseLocalData.swift */,
				0493FA261E8FD8A5008BDAAE /* BaseLocalRemindersData.swift */,
			);
			name = Base;
			sourceTree = "<group>";
		};
		049667181E8871FD0034C9AB /* ViewControllers */ = {
			isa = PBXGroup;
			children = (
				049667211E8873960034C9AB /* Extensions */,
				0496671F1E88736D0034C9AB /* MainViewController.swift */,
			);
			name = ViewControllers;
			sourceTree = "<group>";
		};
		049667211E8873960034C9AB /* Extensions */ = {
			isa = PBXGroup;
			children = (
				049667221E8873DF0034C9AB /* LoadingIndicatorViewExtension.swift */,
			);
			name = Extensions;
			sourceTree = "<group>";
		};
		049667241E8875A80034C9AB /* Storyboards */ = {
			isa = PBXGroup;
			children = (
				04367EB41E82990B00718595 /* Main.storyboard */,
				04367EBC1E82990B00718595 /* LaunchScreen.storyboard */,
			);
			name = Storyboards;
			sourceTree = "<group>";
		};
		049667251E8ADA2E0034C9AB /* Helpers */ = {
			isa = PBXGroup;
			children = (
				0493FA201E8FC030008BDAAE /* Extensions */,
				049667281E8ADAA70034C9AB /* Base */,
				049667261E8ADAA10034C9AB /* HttpRequester.swift */,
				046DDDC81E8B02D4000B0669 /* JsonParser.swift */,
				04FAA3A11E8D8CE50023CBE3 /* UserAuthManager.swift */,
			);
			name = Helpers;
			sourceTree = "<group>";
		};
		049667281E8ADAA70034C9AB /* Base */ = {
			isa = PBXGroup;
			children = (
				049667291E8ADAD00034C9AB /* BaseHttpRequester.swift */,
				046DDDCA1E8B079F000B0669 /* BaseJsonParser.swift */,
				04FAA3A31E8D99BD0023CBE3 /* BaseUserAuthManager.swift */,
			);
			name = Base;
			sourceTree = "<group>";
		};
		04FAA3921E8C538D0023CBE3 /* Models */ = {
			isa = PBXGroup;
			children = (
				0493FA1D1E8FB97E008BDAAE /* EntityExtensions */,
				04FAA39B1E8D68DB0023CBE3 /* Factories */,
				04FAA3981E8D639B0023CBE3 /* Base */,
				04FAA3951E8C53EA0023CBE3 /* Extensions */,
				04FAA3931E8C53B80023CBE3 /* User.swift */,
				04351ABC1E8E69DF0053A22A /* Reminder.swift */,
			);
			name = Models;
			sourceTree = "<group>";
		};
		04FAA3951E8C53EA0023CBE3 /* Extensions */ = {
			isa = PBXGroup;
			children = (
				04FAA3961E8C54650023CBE3 /* BaseUserDictExtension.swift */,
				048208361E8E91A5004AAF9B /* BaseReminderDictExtension.swift */,
			);
			name = Extensions;
			sourceTree = "<group>";
		};
		04FAA3981E8D639B0023CBE3 /* Base */ = {
			isa = PBXGroup;
			children = (
				04FAA3991E8D63B30023CBE3 /* BaseUser.swift */,
				048208341E8E88CD004AAF9B /* BaseReminder.swift */,
			);
			name = Base;
			sourceTree = "<group>";
		};
		04FAA39B1E8D68DB0023CBE3 /* Factories */ = {
			isa = PBXGroup;
			children = (
				04FAA39C1E8D68FE0023CBE3 /* Base */,
				04FAA39D1E8D69940023CBE3 /* UserFactory.swift */,
				0493FA2A1E900847008BDAAE /* ReminderFactory.swift */,
			);
			name = Factories;
			sourceTree = "<group>";
		};
		04FAA39C1E8D68FE0023CBE3 /* Base */ = {
			isa = PBXGroup;
			children = (
				04FAA39F1E8D6C0B0023CBE3 /* BaseUserFactory.swift */,
				0493FA1B1E8FB416008BDAAE /* BaseReminderFactory.swift */,
			);
			name = Base;
			sourceTree = "<group>";
		};
/* End PBXGroup section */

/* Begin PBXNativeTarget section */
		04367EAC1E82990A00718595 /* RemindMeWhenIAmThere */ = {
			isa = PBXNativeTarget;
			buildConfigurationList = 04367EC21E82990B00718595 /* Build configuration list for PBXNativeTarget "RemindMeWhenIAmThere" */;
			buildPhases = (
				04367EA91E82990A00718595 /* Sources */,
				04367EAA1E82990A00718595 /* Frameworks */,
				04367EAB1E82990A00718595 /* Resources */,
			);
			buildRules = (
			);
			dependencies = (
			);
			name = RemindMeWhenIAmThere;
			productName = RemindMeWhenIAmThere;
			productReference = 04367EAD1E82990A00718595 /* RemindMeWhenIAmThere.app */;
			productType = "com.apple.product-type.application";
		};
/* End PBXNativeTarget section */

/* Begin PBXProject section */
		04367EA51E82990A00718595 /* Project object */ = {
			isa = PBXProject;
			attributes = {
				LastSwiftUpdateCheck = 0820;
				LastUpgradeCheck = 0820;
				ORGANIZATIONNAME = Vinkelton;
				TargetAttributes = {
					04367EAC1E82990A00718595 = {
						CreatedOnToolsVersion = 8.2.1;
						ProvisioningStyle = Automatic;
					};
				};
			};
			buildConfigurationList = 04367EA81E82990A00718595 /* Build configuration list for PBXProject "RemindMeWhenIAmThere" */;
			compatibilityVersion = "Xcode 3.2";
			developmentRegion = English;
			hasScannedForEncodings = 0;
			knownRegions = (
				en,
				Base,
			);
			mainGroup = 04367EA41E82990A00718595;
			productRefGroup = 04367EAE1E82990A00718595 /* Products */;
			projectDirPath = "";
			projectRoot = "";
			targets = (
				04367EAC1E82990A00718595 /* RemindMeWhenIAmThere */,
			);
		};
/* End PBXProject section */

/* Begin PBXResourcesBuildPhase section */
		04367EAB1E82990A00718595 /* Resources */ = {
			isa = PBXResourcesBuildPhase;
			buildActionMask = 2147483647;
			files = (
				04367EBE1E82990B00718595 /* LaunchScreen.storyboard in Resources */,
				04367EBB1E82990B00718595 /* Assets.xcassets in Resources */,
				04367EB61E82990B00718595 /* Main.storyboard in Resources */,
			);
			runOnlyForDeploymentPostprocessing = 0;
		};
/* End PBXResourcesBuildPhase section */

/* Begin PBXSourcesBuildPhase section */
		04367EA91E82990A00718595 /* Sources */ = {
			isa = PBXSourcesBuildPhase;
			buildActionMask = 2147483647;
			files = (
				04FAA3941E8C53B80023CBE3 /* User.swift in Sources */,
				048208371E8E91A5004AAF9B /* BaseReminderDictExtension.swift in Sources */,
				049667201E88736D0034C9AB /* MainViewController.swift in Sources */,
				04FAA3971E8C54650023CBE3 /* BaseUserDictExtension.swift in Sources */,
				0493FA1F1E8FBB62008BDAAE /* ReminderEntityExtension.swift in Sources */,
				04FAA39E1E8D69940023CBE3 /* UserFactory.swift in Sources */,
				048208351E8E88CD004AAF9B /* BaseReminder.swift in Sources */,
				0493FA251E8FD3D9008BDAAE /* BaseLocalData.swift in Sources */,
				0493FA221E8FC085008BDAAE /* DateStringConversionExtension.swift in Sources */,
				046DDDCB1E8B079F000B0669 /* BaseJsonParser.swift in Sources */,
				04827A341E8BC20000251E21 /* BaseApiData.swift in Sources */,
				04FAA3A01E8D6C0B0023CBE3 /* BaseUserFactory.swift in Sources */,
				0493FA271E8FD8A5008BDAAE /* BaseLocalRemindersData.swift in Sources */,
				0496672A1E8ADAD00034C9AB /* BaseHttpRequester.swift in Sources */,
				049667231E8873DF0034C9AB /* LoadingIndicatorViewExtension.swift in Sources */,
				049667271E8ADAA10034C9AB /* HttpRequester.swift in Sources */,
				04367EB91E82990B00718595 /* RemindMeWhenIAmThere.xcdatamodeld in Sources */,
				046DDDC91E8B02D4000B0669 /* JsonParser.swift in Sources */,
				04827A3B1E8BC3D800251E21 /* ApiConfig.swift in Sources */,
				0421F6431E8DB6FD00A4093C /* BaseUsersData.swift in Sources */,
				04367EB11E82990A00718595 /* AppDelegate.swift in Sources */,
				04351ABD1E8E69DF0053A22A /* Reminder.swift in Sources */,
				04FAA3A21E8D8CE50023CBE3 /* UserAuthManager.swift in Sources */,
				04827A3D1E8BE62900251E21 /* UsersData.swift in Sources */,
				04FAA3A41E8D99BD0023CBE3 /* BaseUserAuthManager.swift in Sources */,
				0493FA291E8FE143008BDAAE /* LocalRemindersData.swift in Sources */,
				0493FA2B1E900847008BDAAE /* ReminderFactory.swift in Sources */,
				0493FA1C1E8FB416008BDAAE /* BaseReminderFactory.swift in Sources */,
				04827A391E8BC33100251E21 /* BaseApiConfig.swift in Sources */,
				04FAA39A1E8D63B30023CBE3 /* BaseUser.swift in Sources */,
			);
			runOnlyForDeploymentPostprocessing = 0;
		};
/* End PBXSourcesBuildPhase section */

/* Begin PBXVariantGroup section */
		04367EB41E82990B00718595 /* Main.storyboard */ = {
			isa = PBXVariantGroup;
			children = (
				04367EB51E82990B00718595 /* Base */,
			);
			name = Main.storyboard;
			sourceTree = "<group>";
		};
		04367EBC1E82990B00718595 /* LaunchScreen.storyboard */ = {
			isa = PBXVariantGroup;
			children = (
				04367EBD1E82990B00718595 /* Base */,
			);
			name = LaunchScreen.storyboard;
			sourceTree = "<group>";
		};
/* End PBXVariantGroup section */

/* Begin XCBuildConfiguration section */
		04367EC01E82990B00718595 /* Debug */ = {
			isa = XCBuildConfiguration;
			buildSettings = {
				ALWAYS_SEARCH_USER_PATHS = NO;
				CLANG_ANALYZER_NONNULL = YES;
				CLANG_CXX_LANGUAGE_STANDARD = "gnu++0x";
				CLANG_CXX_LIBRARY = "libc++";
				CLANG_ENABLE_MODULES = YES;
				CLANG_ENABLE_OBJC_ARC = YES;
				CLANG_WARN_BOOL_CONVERSION = YES;
				CLANG_WARN_CONSTANT_CONVERSION = YES;
				CLANG_WARN_DIRECT_OBJC_ISA_USAGE = YES_ERROR;
				CLANG_WARN_DOCUMENTATION_COMMENTS = YES;
				CLANG_WARN_EMPTY_BODY = YES;
				CLANG_WARN_ENUM_CONVERSION = YES;
				CLANG_WARN_INFINITE_RECURSION = YES;
				CLANG_WARN_INT_CONVERSION = YES;
				CLANG_WARN_OBJC_ROOT_CLASS = YES_ERROR;
				CLANG_WARN_SUSPICIOUS_MOVE = YES;
				CLANG_WARN_UNREACHABLE_CODE = YES;
				CLANG_WARN__DUPLICATE_METHOD_MATCH = YES;
				"CODE_SIGN_IDENTITY[sdk=iphoneos*]" = "iPhone Developer";
				COPY_PHASE_STRIP = NO;
				DEBUG_INFORMATION_FORMAT = dwarf;
				ENABLE_STRICT_OBJC_MSGSEND = YES;
				ENABLE_TESTABILITY = YES;
				GCC_C_LANGUAGE_STANDARD = gnu99;
				GCC_DYNAMIC_NO_PIC = NO;
				GCC_NO_COMMON_BLOCKS = YES;
				GCC_OPTIMIZATION_LEVEL = 0;
				GCC_PREPROCESSOR_DEFINITIONS = (
					"DEBUG=1",
					"$(inherited)",
				);
				GCC_WARN_64_TO_32_BIT_CONVERSION = YES;
				GCC_WARN_ABOUT_RETURN_TYPE = YES_ERROR;
				GCC_WARN_UNDECLARED_SELECTOR = YES;
				GCC_WARN_UNINITIALIZED_AUTOS = YES_AGGRESSIVE;
				GCC_WARN_UNUSED_FUNCTION = YES;
				GCC_WARN_UNUSED_VARIABLE = YES;
				IPHONEOS_DEPLOYMENT_TARGET = 10.2;
				MTL_ENABLE_DEBUG_INFO = YES;
				ONLY_ACTIVE_ARCH = YES;
				SDKROOT = iphoneos;
				SWIFT_ACTIVE_COMPILATION_CONDITIONS = DEBUG;
				SWIFT_OPTIMIZATION_LEVEL = "-Onone";
				TARGETED_DEVICE_FAMILY = "1,2";
			};
			name = Debug;
		};
		04367EC11E82990B00718595 /* Release */ = {
			isa = XCBuildConfiguration;
			buildSettings = {
				ALWAYS_SEARCH_USER_PATHS = NO;
				CLANG_ANALYZER_NONNULL = YES;
				CLANG_CXX_LANGUAGE_STANDARD = "gnu++0x";
				CLANG_CXX_LIBRARY = "libc++";
				CLANG_ENABLE_MODULES = YES;
				CLANG_ENABLE_OBJC_ARC = YES;
				CLANG_WARN_BOOL_CONVERSION = YES;
				CLANG_WARN_CONSTANT_CONVERSION = YES;
				CLANG_WARN_DIRECT_OBJC_ISA_USAGE = YES_ERROR;
				CLANG_WARN_DOCUMENTATION_COMMENTS = YES;
				CLANG_WARN_EMPTY_BODY = YES;
				CLANG_WARN_ENUM_CONVERSION = YES;
				CLANG_WARN_INFINITE_RECURSION = YES;
				CLANG_WARN_INT_CONVERSION = YES;
				CLANG_WARN_OBJC_ROOT_CLASS = YES_ERROR;
				CLANG_WARN_SUSPICIOUS_MOVE = YES;
				CLANG_WARN_UNREACHABLE_CODE = YES;
				CLANG_WARN__DUPLICATE_METHOD_MATCH = YES;
				"CODE_SIGN_IDENTITY[sdk=iphoneos*]" = "iPhone Developer";
				COPY_PHASE_STRIP = NO;
				DEBUG_INFORMATION_FORMAT = "dwarf-with-dsym";
				ENABLE_NS_ASSERTIONS = NO;
				ENABLE_STRICT_OBJC_MSGSEND = YES;
				GCC_C_LANGUAGE_STANDARD = gnu99;
				GCC_NO_COMMON_BLOCKS = YES;
				GCC_WARN_64_TO_32_BIT_CONVERSION = YES;
				GCC_WARN_ABOUT_RETURN_TYPE = YES_ERROR;
				GCC_WARN_UNDECLARED_SELECTOR = YES;
				GCC_WARN_UNINITIALIZED_AUTOS = YES_AGGRESSIVE;
				GCC_WARN_UNUSED_FUNCTION = YES;
				GCC_WARN_UNUSED_VARIABLE = YES;
				IPHONEOS_DEPLOYMENT_TARGET = 10.2;
				MTL_ENABLE_DEBUG_INFO = NO;
				SDKROOT = iphoneos;
				SWIFT_OPTIMIZATION_LEVEL = "-Owholemodule";
				TARGETED_DEVICE_FAMILY = "1,2";
				VALIDATE_PRODUCT = YES;
			};
			name = Release;
		};
		04367EC31E82990B00718595 /* Debug */ = {
			isa = XCBuildConfiguration;
			buildSettings = {
				ASSETCATALOG_COMPILER_APPICON_NAME = AppIcon;
				INFOPLIST_FILE = RemindMeWhenIAmThere/Info.plist;
				LD_RUNPATH_SEARCH_PATHS = "$(inherited) @executable_path/Frameworks";
				PRODUCT_BUNDLE_IDENTIFIER = VL.RemindMeWhenIAmThere;
				PRODUCT_NAME = "$(TARGET_NAME)";
				SWIFT_VERSION = 3.0;
			};
			name = Debug;
		};
		04367EC41E82990B00718595 /* Release */ = {
			isa = XCBuildConfiguration;
			buildSettings = {
				ASSETCATALOG_COMPILER_APPICON_NAME = AppIcon;
				INFOPLIST_FILE = RemindMeWhenIAmThere/Info.plist;
				LD_RUNPATH_SEARCH_PATHS = "$(inherited) @executable_path/Frameworks";
				PRODUCT_BUNDLE_IDENTIFIER = VL.RemindMeWhenIAmThere;
				PRODUCT_NAME = "$(TARGET_NAME)";
				SWIFT_VERSION = 3.0;
			};
			name = Release;
		};
/* End XCBuildConfiguration section */

/* Begin XCConfigurationList section */
		04367EA81E82990A00718595 /* Build configuration list for PBXProject "RemindMeWhenIAmThere" */ = {
			isa = XCConfigurationList;
			buildConfigurations = (
				04367EC01E82990B00718595 /* Debug */,
				04367EC11E82990B00718595 /* Release */,
			);
			defaultConfigurationIsVisible = 0;
			defaultConfigurationName = Release;
		};
		04367EC21E82990B00718595 /* Build configuration list for PBXNativeTarget "RemindMeWhenIAmThere" */ = {
			isa = XCConfigurationList;
			buildConfigurations = (
				04367EC31E82990B00718595 /* Debug */,
				04367EC41E82990B00718595 /* Release */,
			);
			defaultConfigurationIsVisible = 0;
			defaultConfigurationName = Release;
		};
/* End XCConfigurationList section */

/* Begin XCVersionGroup section */
		04367EB71E82990B00718595 /* RemindMeWhenIAmThere.xcdatamodeld */ = {
			isa = XCVersionGroup;
			children = (
				04367EB81E82990B00718595 /* RemindMeWhenIAmThere.xcdatamodel */,
			);
			currentVersion = 04367EB81E82990B00718595 /* RemindMeWhenIAmThere.xcdatamodel */;
			path = RemindMeWhenIAmThere.xcdatamodeld;
			sourceTree = "<group>";
			versionGroupType = wrapper.xcdatamodel;
		};
/* End XCVersionGroup section */
	};
	rootObject = 04367EA51E82990A00718595 /* Project object */;
}
