// !$*UTF8*$!
{
	archiveVersion = 1;
	classes = {
	};
	objectVersion = 46;
	objects = {

/* Begin PBXBuildFile section */
		04367EB11E82990A00718595 /* AppDelegate.swift in Sources */ = {isa = PBXBuildFile; fileRef = 04367EB01E82990A00718595 /* AppDelegate.swift */; };
		04367EB31E82990A00718595 /* ViewController.swift in Sources */ = {isa = PBXBuildFile; fileRef = 04367EB21E82990A00718595 /* ViewController.swift */; };
		04367EB61E82990B00718595 /* Main.storyboard in Resources */ = {isa = PBXBuildFile; fileRef = 04367EB41E82990B00718595 /* Main.storyboard */; };
		04367EB91E82990B00718595 /* RemindMeWhenIAmThere.xcdatamodeld in Sources */ = {isa = PBXBuildFile; fileRef = 04367EB71E82990B00718595 /* RemindMeWhenIAmThere.xcdatamodeld */; };
		04367EBB1E82990B00718595 /* Assets.xcassets in Resources */ = {isa = PBXBuildFile; fileRef = 04367EBA1E82990B00718595 /* Assets.xcassets */; };
		04367EBE1E82990B00718595 /* LaunchScreen.storyboard in Resources */ = {isa = PBXBuildFile; fileRef = 04367EBC1E82990B00718595 /* LaunchScreen.storyboard */; };
/* End PBXBuildFile section */

/* Begin PBXFileReference section */
		04367EAD1E82990A00718595 /* RemindMeWhenIAmThere.app */ = {isa = PBXFileReference; explicitFileType = wrapper.application; includeInIndex = 0; path = RemindMeWhenIAmThere.app; sourceTree = BUILT_PRODUCTS_DIR; };
		04367EB01E82990A00718595 /* AppDelegate.swift */ = {isa = PBXFileReference; lastKnownFileType = sourcecode.swift; path = AppDelegate.swift; sourceTree = "<group>"; };
		04367EB21E82990A00718595 /* ViewController.swift */ = {isa = PBXFileReference; lastKnownFileType = sourcecode.swift; path = ViewController.swift; sourceTree = "<group>"; };
		04367EB51E82990B00718595 /* Base */ = {isa = PBXFileReference; lastKnownFileType = file.storyboard; name = Base; path = Base.lproj/Main.storyboard; sourceTree = "<group>"; };
		04367EB81E82990B00718595 /* RemindMeWhenIAmThere.xcdatamodel */ = {isa = PBXFileReference; lastKnownFileType = wrapper.xcdatamodel; path = RemindMeWhenIAmThere.xcdatamodel; sourceTree = "<group>"; };
		04367EBA1E82990B00718595 /* Assets.xcassets */ = {isa = PBXFileReference; lastKnownFileType = folder.assetcatalog; path = Assets.xcassets; sourceTree = "<group>"; };
		04367EBD1E82990B00718595 /* Base */ = {isa = PBXFileReference; lastKnownFileType = file.storyboard; name = Base; path = Base.lproj/LaunchScreen.storyboard; sourceTree = "<group>"; };
		04367EBF1E82990B00718595 /* Info.plist */ = {isa = PBXFileReference; lastKnownFileType = text.plist.xml; path = Info.plist; sourceTree = "<group>"; };
/* End PBXFileReference section */

/* Begin PBXFrameworksBuildPhase section */
		04367EAA1E82990A00718595 /* Frameworks */ = {
			isa = PBXFrameworksBuildPhase;
			buildActionMask = 2147483647;
			files = (
			);
			runOnlyForDeploymentPostprocessing = 0;
		};
/* End PBXFrameworksBuildPhase section */

/* Begin PBXGroup section */
		04367EA41E82990A00718595 = {
			isa = PBXGroup;
			children = (
				04367EAF1E82990A00718595 /* RemindMeWhenIAmThere */,
				04367EAE1E82990A00718595 /* Products */,
			);
			sourceTree = "<group>";
		};
		04367EAE1E82990A00718595 /* Products */ = {
			isa = PBXGroup;
			children = (
				04367EAD1E82990A00718595 /* RemindMeWhenIAmThere.app */,
			);
			name = Products;
			sourceTree = "<group>";
		};
		04367EAF1E82990A00718595 /* RemindMeWhenIAmThere */ = {
			isa = PBXGroup;
			children = (
				04367EB01E82990A00718595 /* AppDelegate.swift */,
				04367EB21E82990A00718595 /* ViewController.swift */,
				04367EB41E82990B00718595 /* Main.storyboard */,
				04367EBA1E82990B00718595 /* Assets.xcassets */,
				04367EBC1E82990B00718595 /* LaunchScreen.storyboard */,
				04367EBF1E82990B00718595 /* Info.plist */,
				04367EB71E82990B00718595 /* RemindMeWhenIAmThere.xcdatamodeld */,
			);
			path = RemindMeWhenIAmThere;
			sourceTree = "<group>";
		};
/* End PBXGroup section */

/* Begin PBXNativeTarget section */
		04367EAC1E82990A00718595 /* RemindMeWhenIAmThere */ = {
			isa = PBXNativeTarget;
			buildConfigurationList = 04367EC21E82990B00718595 /* Build configuration list for PBXNativeTarget "RemindMeWhenIAmThere" */;
			buildPhases = (
				04367EA91E82990A00718595 /* Sources */,
				04367EAA1E82990A00718595 /* Frameworks */,
				04367EAB1E82990A00718595 /* Resources */,
			);
			buildRules = (
			);
			dependencies = (
			);
			name = RemindMeWhenIAmThere;
			productName = RemindMeWhenIAmThere;
			productReference = 04367EAD1E82990A00718595 /* RemindMeWhenIAmThere.app */;
			productType = "com.apple.product-type.application";
		};
/* End PBXNativeTarget section */

/* Begin PBXProject section */
		04367EA51E82990A00718595 /* Project object */ = {
			isa = PBXProject;
			attributes = {
				LastSwiftUpdateCheck = 0820;
				LastUpgradeCheck = 0820;
				ORGANIZATIONNAME = Vinkelton;
				TargetAttributes = {
					04367EAC1E82990A00718595 = {
						CreatedOnToolsVersion = 8.2.1;
						ProvisioningStyle = Automatic;
					};
				};
			};
			buildConfigurationList = 04367EA81E82990A00718595 /* Build configuration list for PBXProject "RemindMeWhenIAmThere" */;
			compatibilityVersion = "Xcode 3.2";
			developmentRegion = English;
			hasScannedForEncodings = 0;
			knownRegions = (
				en,
				Base,
			);
			mainGroup = 04367EA41E82990A00718595;
			productRefGroup = 04367EAE1E82990A00718595 /* Products */;
			projectDirPath = "";
			projectRoot = "";
			targets = (
				04367EAC1E82990A00718595 /* RemindMeWhenIAmThere */,
			);
		};
/* End PBXProject section */

/* Begin PBXResourcesBuildPhase section */
		04367EAB1E82990A00718595 /* Resources */ = {
			isa = PBXResourcesBuildPhase;
			buildActionMask = 2147483647;
			files = (
				04367EBE1E82990B00718595 /* LaunchScreen.storyboard in Resources */,
				04367EBB1E82990B00718595 /* Assets.xcassets in Resources */,
				04367EB61E82990B00718595 /* Main.storyboard in Resources */,
			);
			runOnlyForDeploymentPostprocessing = 0;
		};
/* End PBXResourcesBuildPhase section */

/* Begin PBXSourcesBuildPhase section */
		04367EA91E82990A00718595 /* Sources */ = {
			isa = PBXSourcesBuildPhase;
			buildActionMask = 2147483647;
			files = (
				04367EB31E82990A00718595 /* ViewController.swift in Sources */,
				04367EB91E82990B00718595 /* RemindMeWhenIAmThere.xcdatamodeld in Sources */,
				04367EB11E82990A00718595 /* AppDelegate.swift in Sources */,
			);
			runOnlyForDeploymentPostprocessing = 0;
		};
/* End PBXSourcesBuildPhase section */

/* Begin PBXVariantGroup section */
		04367EB41E82990B00718595 /* Main.storyboard */ = {
			isa = PBXVariantGroup;
			children = (
				04367EB51E82990B00718595 /* Base */,
			);
			name = Main.storyboard;
			sourceTree = "<group>";
		};
		04367EBC1E82990B00718595 /* LaunchScreen.storyboard */ = {
			isa = PBXVariantGroup;
			children = (
				04367EBD1E82990B00718595 /* Base */,
			);
			name = LaunchScreen.storyboard;
			sourceTree = "<group>";
		};
/* End PBXVariantGroup section */

/* Begin XCBuildConfiguration section */
		04367EC01E82990B00718595 /* Debug */ = {
			isa = XCBuildConfiguration;
			buildSettings = {
				ALWAYS_SEARCH_USER_PATHS = NO;
				CLANG_ANALYZER_NONNULL = YES;
				CLANG_CXX_LANGUAGE_STANDARD = "gnu++0x";
				CLANG_CXX_LIBRARY = "libc++";
				CLANG_ENABLE_MODULES = YES;
				CLANG_ENABLE_OBJC_ARC = YES;
				CLANG_WARN_BOOL_CONVERSION = YES;
				CLANG_WARN_CONSTANT_CONVERSION = YES;
				CLANG_WARN_DIRECT_OBJC_ISA_USAGE = YES_ERROR;
				CLANG_WARN_DOCUMENTATION_COMMENTS = YES;
				CLANG_WARN_EMPTY_BODY = YES;
				CLANG_WARN_ENUM_CONVERSION = YES;
				CLANG_WARN_INFINITE_RECURSION = YES;
				CLANG_WARN_INT_CONVERSION = YES;
				CLANG_WARN_OBJC_ROOT_CLASS = YES_ERROR;
				CLANG_WARN_SUSPICIOUS_MOVE = YES;
				CLANG_WARN_UNREACHABLE_CODE = YES;
				CLANG_WARN__DUPLICATE_METHOD_MATCH = YES;
				"CODE_SIGN_IDENTITY[sdk=iphoneos*]" = "iPhone Developer";
				COPY_PHASE_STRIP = NO;
				DEBUG_INFORMATION_FORMAT = dwarf;
				ENABLE_STRICT_OBJC_MSGSEND = YES;
				ENABLE_TESTABILITY = YES;
				GCC_C_LANGUAGE_STANDARD = gnu99;
				GCC_DYNAMIC_NO_PIC = NO;
				GCC_NO_COMMON_BLOCKS = YES;
				GCC_OPTIMIZATION_LEVEL = 0;
				GCC_PREPROCESSOR_DEFINITIONS = (
					"DEBUG=1",
					"$(inherited)",
				);
				GCC_WARN_64_TO_32_BIT_CONVERSION = YES;
				GCC_WARN_ABOUT_RETURN_TYPE = YES_ERROR;
				GCC_WARN_UNDECLARED_SELECTOR = YES;
				GCC_WARN_UNINITIALIZED_AUTOS = YES_AGGRESSIVE;
				GCC_WARN_UNUSED_FUNCTION = YES;
				GCC_WARN_UNUSED_VARIABLE = YES;
				IPHONEOS_DEPLOYMENT_TARGET = 10.2;
				MTL_ENABLE_DEBUG_INFO = YES;
				ONLY_ACTIVE_ARCH = YES;
				SDKROOT = iphoneos;
				SWIFT_ACTIVE_COMPILATION_CONDITIONS = DEBUG;
				SWIFT_OPTIMIZATION_LEVEL = "-Onone";
				TARGETED_DEVICE_FAMILY = "1,2";
			};
			name = Debug;
		};
		04367EC11E82990B00718595 /* Release */ = {
			isa = XCBuildConfiguration;
			buildSettings = {
				ALWAYS_SEARCH_USER_PATHS = NO;
				CLANG_ANALYZER_NONNULL = YES;
				CLANG_CXX_LANGUAGE_STANDARD = "gnu++0x";
				CLANG_CXX_LIBRARY = "libc++";
				CLANG_ENABLE_MODULES = YES;
				CLANG_ENABLE_OBJC_ARC = YES;
				CLANG_WARN_BOOL_CONVERSION = YES;
				CLANG_WARN_CONSTANT_CONVERSION = YES;
				CLANG_WARN_DIRECT_OBJC_ISA_USAGE = YES_ERROR;
				CLANG_WARN_DOCUMENTATION_COMMENTS = YES;
				CLANG_WARN_EMPTY_BODY = YES;
				CLANG_WARN_ENUM_CONVERSION = YES;
				CLANG_WARN_INFINITE_RECURSION = YES;
				CLANG_WARN_INT_CONVERSION = YES;
				CLANG_WARN_OBJC_ROOT_CLASS = YES_ERROR;
				CLANG_WARN_SUSPICIOUS_MOVE = YES;
				CLANG_WARN_UNREACHABLE_CODE = YES;
				CLANG_WARN__DUPLICATE_METHOD_MATCH = YES;
				"CODE_SIGN_IDENTITY[sdk=iphoneos*]" = "iPhone Developer";
				COPY_PHASE_STRIP = NO;
				DEBUG_INFORMATION_FORMAT = "dwarf-with-dsym";
				ENABLE_NS_ASSERTIONS = NO;
				ENABLE_STRICT_OBJC_MSGSEND = YES;
				GCC_C_LANGUAGE_STANDARD = gnu99;
				GCC_NO_COMMON_BLOCKS = YES;
				GCC_WARN_64_TO_32_BIT_CONVERSION = YES;
				GCC_WARN_ABOUT_RETURN_TYPE = YES_ERROR;
				GCC_WARN_UNDECLARED_SELECTOR = YES;
				GCC_WARN_UNINITIALIZED_AUTOS = YES_AGGRESSIVE;
				GCC_WARN_UNUSED_FUNCTION = YES;
				GCC_WARN_UNUSED_VARIABLE = YES;
				IPHONEOS_DEPLOYMENT_TARGET = 10.2;
				MTL_ENABLE_DEBUG_INFO = NO;
				SDKROOT = iphoneos;
				SWIFT_OPTIMIZATION_LEVEL = "-Owholemodule";
				TARGETED_DEVICE_FAMILY = "1,2";
				VALIDATE_PRODUCT = YES;
			};
			name = Release;
		};
		04367EC31E82990B00718595 /* Debug */ = {
			isa = XCBuildConfiguration;
			buildSettings = {
				ASSETCATALOG_COMPILER_APPICON_NAME = AppIcon;
				INFOPLIST_FILE = RemindMeWhenIAmThere/Info.plist;
				LD_RUNPATH_SEARCH_PATHS = "$(inherited) @executable_path/Frameworks";
				PRODUCT_BUNDLE_IDENTIFIER = VL.RemindMeWhenIAmThere;
				PRODUCT_NAME = "$(TARGET_NAME)";
				SWIFT_VERSION = 3.0;
			};
			name = Debug;
		};
		04367EC41E82990B00718595 /* Release */ = {
			isa = XCBuildConfiguration;
			buildSettings = {
				ASSETCATALOG_COMPILER_APPICON_NAME = AppIcon;
				INFOPLIST_FILE = RemindMeWhenIAmThere/Info.plist;
				LD_RUNPATH_SEARCH_PATHS = "$(inherited) @executable_path/Frameworks";
				PRODUCT_BUNDLE_IDENTIFIER = VL.RemindMeWhenIAmThere;
				PRODUCT_NAME = "$(TARGET_NAME)";
				SWIFT_VERSION = 3.0;
			};
			name = Release;
		};
/* End XCBuildConfiguration section */

/* Begin XCConfigurationList section */
		04367EA81E82990A00718595 /* Build configuration list for PBXProject "RemindMeWhenIAmThere" */ = {
			isa = XCConfigurationList;
			buildConfigurations = (
				04367EC01E82990B00718595 /* Debug */,
				04367EC11E82990B00718595 /* Release */,
			);
			defaultConfigurationIsVisible = 0;
			defaultConfigurationName = Release;
		};
		04367EC21E82990B00718595 /* Build configuration list for PBXNativeTarget "RemindMeWhenIAmThere" */ = {
			isa = XCConfigurationList;
			buildConfigurations = (
				04367EC31E82990B00718595 /* Debug */,
				04367EC41E82990B00718595 /* Release */,
			);
			defaultConfigurationIsVisible = 0;
		};
/* End XCConfigurationList section */

/* Begin XCVersionGroup section */
		04367EB71E82990B00718595 /* RemindMeWhenIAmThere.xcdatamodeld */ = {
			isa = XCVersionGroup;
			children = (
				04367EB81E82990B00718595 /* RemindMeWhenIAmThere.xcdatamodel */,
			);
			currentVersion = 04367EB81E82990B00718595 /* RemindMeWhenIAmThere.xcdatamodel */;
			path = RemindMeWhenIAmThere.xcdatamodeld;
			sourceTree = "<group>";
			versionGroupType = wrapper.xcdatamodel;
		};
/* End XCVersionGroup section */
	};
	rootObject = 04367EA51E82990A00718595 /* Project object */;
}
